
Microsoft Visual Studio Solution File, Format Version 12.00
# Visual Studio 15
VisualStudioVersion = 15.0.28307.572
MinimumVisualStudioVersion = 10.0.40219.1
Project("{9A19103F-16F7-4668-BE54-9A1E7A4F7556}") = "WebApplication1", "WebApplication1\WebApplication1.csproj", "{8A8321F5-824C-44CD-8343-A0B45C4BEF52}"
EndProject
Project("{FAE04EC0-301F-11D3-BF4B-00C04F79EFBC}") = "JSONTest", "JSONTest\JSONTest.csproj", "{0A51BF22-D4D7-4E88-89D3-15D68BFD3C42}"
EndProject
Global
	GlobalSection(SolutionConfigurationPlatforms) = preSolution
		Debug|Any CPU = Debug|Any CPU
		Release|Any CPU = Release|Any CPU
	EndGlobalSection
	GlobalSection(ProjectConfigurationPlatforms) = postSolution
		{8A8321F5-824C-44CD-8343-A0B45C4BEF52}.Debug|Any CPU.ActiveCfg = Debug|Any CPU
		{8A8321F5-824C-44CD-8343-A0B45C4BEF52}.Debug|Any CPU.Build.0 = Debug|Any CPU
		{8A8321F5-824C-44CD-8343-A0B45C4BEF52}.Release|Any CPU.ActiveCfg = Release|Any CPU
		{8A8321F5-824C-44CD-8343-A0B45C4BEF52}.Release|Any CPU.Build.0 = Release|Any CPU
		{0A51BF22-D4D7-4E88-89D3-15D68BFD3C42}.Debug|Any CPU.ActiveCfg = Debug|Any CPU
		{0A51BF22-D4D7-4E88-89D3-15D68BFD3C42}.Debug|Any CPU.Build.0 = Debug|Any CPU
		{0A51BF22-D4D7-4E88-89D3-15D68BFD3C42}.Release|Any CPU.ActiveCfg = Release|Any CPU
		{0A51BF22-D4D7-4E88-89D3-15D68BFD3C42}.Release|Any CPU.Build.0 = Release|Any CPU
	EndGlobalSection
	GlobalSection(SolutionProperties) = preSolution
		HideSolutionNode = FALSE
	EndGlobalSection
	GlobalSection(ExtensibilityGlobals) = postSolution
		SolutionGuid = {83C75DCA-094F-4B79-8C47-76CAF0823965}
	EndGlobalSection
EndGlobal
